// !$*UTF8*$!
{
	archiveVersion = 1;
	classes = {
	};
	objectVersion = 55;
	objects = {

/* Begin PBXBuildFile section */
		D508FCED298BE765007DA296 /* DishLandscapeCollectionViewCell.swift in Sources */ = {isa = PBXBuildFile; fileRef = D508FCEB298BE765007DA296 /* DishLandscapeCollectionViewCell.swift */; };
		D508FCEE298BE765007DA296 /* DishLandscapeCollectionViewCell.xib in Resources */ = {isa = PBXBuildFile; fileRef = D508FCEC298BE765007DA296 /* DishLandscapeCollectionViewCell.xib */; };
		D508FCF1298BF369007DA296 /* DishDetailViewController.swift in Sources */ = {isa = PBXBuildFile; fileRef = D508FCF0298BF369007DA296 /* DishDetailViewController.swift */; };
		D508FCF3298BF504007DA296 /* UIViewController+Extension.swift in Sources */ = {isa = PBXBuildFile; fileRef = D508FCF2298BF504007DA296 /* UIViewController+Extension.swift */; };
		D531D6E229891B22006B3B84 /* OnboardingViewController.swift in Sources */ = {isa = PBXBuildFile; fileRef = D531D6E129891B22006B3B84 /* OnboardingViewController.swift */; };
		D531D6E529891DD6006B3B84 /* UIView.swift in Sources */ = {isa = PBXBuildFile; fileRef = D531D6E429891DD6006B3B84 /* UIView.swift */; };
		D531D6E729891F7B006B3B84 /* OnboardingSlides.swift in Sources */ = {isa = PBXBuildFile; fileRef = D531D6E629891F7B006B3B84 /* OnboardingSlides.swift */; };
		D531D6E9298921FD006B3B84 /* OnboardingCollectionViewCell.swift in Sources */ = {isa = PBXBuildFile; fileRef = D531D6E8298921FD006B3B84 /* OnboardingCollectionViewCell.swift */; };
		D53EE559298969D2005487C4 /* HomeViewController.swift in Sources */ = {isa = PBXBuildFile; fileRef = D53EE558298969D2005487C4 /* HomeViewController.swift */; };
		D54752002987ED360007C5C3 /* AppDelegate.swift in Sources */ = {isa = PBXBuildFile; fileRef = D54751FF2987ED360007C5C3 /* AppDelegate.swift */; };
		D54752022987ED360007C5C3 /* SceneDelegate.swift in Sources */ = {isa = PBXBuildFile; fileRef = D54752012987ED360007C5C3 /* SceneDelegate.swift */; };
		D54752072987ED370007C5C3 /* Main.storyboard in Resources */ = {isa = PBXBuildFile; fileRef = D54752052987ED370007C5C3 /* Main.storyboard */; };
		D54752092987ED390007C5C3 /* Assets.xcassets in Resources */ = {isa = PBXBuildFile; fileRef = D54752082987ED390007C5C3 /* Assets.xcassets */; };
		D547520C2987ED390007C5C3 /* LaunchScreen.storyboard in Resources */ = {isa = PBXBuildFile; fileRef = D547520A2987ED390007C5C3 /* LaunchScreen.storyboard */; };
		D58EBE182989B7C500E0B3CA /* CategoryCollectionViewCell.swift in Sources */ = {isa = PBXBuildFile; fileRef = D58EBE162989B7C500E0B3CA /* CategoryCollectionViewCell.swift */; };
		D58EBE192989B7C500E0B3CA /* CategoryCollectionViewCell.xib in Resources */ = {isa = PBXBuildFile; fileRef = D58EBE172989B7C500E0B3CA /* CategoryCollectionViewCell.xib */; };
		D58EBE1B2989BA0E00E0B3CA /* DishCategory.swift in Sources */ = {isa = PBXBuildFile; fileRef = D58EBE1A2989BA0E00E0B3CA /* DishCategory.swift */; };
		D58EBE1E2989BC1C00E0B3CA /* Kingfisher in Frameworks */ = {isa = PBXBuildFile; productRef = D58EBE1D2989BC1C00E0B3CA /* Kingfisher */; };
		D58EBE202989BE5000E0B3CA /* Swift+Extension.swift in Sources */ = {isa = PBXBuildFile; fileRef = D58EBE1F2989BE5000E0B3CA /* Swift+Extension.swift */; };
		D58EBE23298A74C500E0B3CA /* CardView.swift in Sources */ = {isa = PBXBuildFile; fileRef = D58EBE22298A74C500E0B3CA /* CardView.swift */; };
		D58EBE27298A7D5600E0B3CA /* DishPortraitCollectionViewCell.swift in Sources */ = {isa = PBXBuildFile; fileRef = D58EBE25298A7D5600E0B3CA /* DishPortraitCollectionViewCell.swift */; };
		D58EBE28298A7D5600E0B3CA /* DishPortraitCollectionViewCell.xib in Resources */ = {isa = PBXBuildFile; fileRef = D58EBE26298A7D5600E0B3CA /* DishPortraitCollectionViewCell.xib */; };
		D58EBE2A298A7F8D00E0B3CA /* Dish.swift in Sources */ = {isa = PBXBuildFile; fileRef = D58EBE29298A7F8D00E0B3CA /* Dish.swift */; };
		D5BDC14E298C1769000B63D0 /* DishListTableViewCell.swift in Sources */ = {isa = PBXBuildFile; fileRef = D5BDC14C298C1769000B63D0 /* DishListTableViewCell.swift */; };
		D5BDC14F298C1769000B63D0 /* DishListTableViewCell.xib in Resources */ = {isa = PBXBuildFile; fileRef = D5BDC14D298C1769000B63D0 /* DishListTableViewCell.xib */; };
		D5BDC152298C1A7F000B63D0 /* ListDishesViewController.swift in Sources */ = {isa = PBXBuildFile; fileRef = D5BDC151298C1A7F000B63D0 /* ListDishesViewController.swift */; };
/* End PBXBuildFile section */

/* Begin PBXFileReference section */
		D508FCEB298BE765007DA296 /* DishLandscapeCollectionViewCell.swift */ = {isa = PBXFileReference; lastKnownFileType = sourcecode.swift; path = DishLandscapeCollectionViewCell.swift; sourceTree = "<group>"; };
		D508FCEC298BE765007DA296 /* DishLandscapeCollectionViewCell.xib */ = {isa = PBXFileReference; lastKnownFileType = file.xib; path = DishLandscapeCollectionViewCell.xib; sourceTree = "<group>"; };
		D508FCF0298BF369007DA296 /* DishDetailViewController.swift */ = {isa = PBXFileReference; lastKnownFileType = sourcecode.swift; path = DishDetailViewController.swift; sourceTree = "<group>"; };
		D508FCF2298BF504007DA296 /* UIViewController+Extension.swift */ = {isa = PBXFileReference; lastKnownFileType = sourcecode.swift; path = "UIViewController+Extension.swift"; sourceTree = "<group>"; };
		D531D6E129891B22006B3B84 /* OnboardingViewController.swift */ = {isa = PBXFileReference; lastKnownFileType = sourcecode.swift; path = OnboardingViewController.swift; sourceTree = "<group>"; };
		D531D6E429891DD6006B3B84 /* UIView.swift */ = {isa = PBXFileReference; lastKnownFileType = sourcecode.swift; path = UIView.swift; sourceTree = "<group>"; };
		D531D6E629891F7B006B3B84 /* OnboardingSlides.swift */ = {isa = PBXFileReference; lastKnownFileType = sourcecode.swift; path = OnboardingSlides.swift; sourceTree = "<group>"; };
		D531D6E8298921FD006B3B84 /* OnboardingCollectionViewCell.swift */ = {isa = PBXFileReference; lastKnownFileType = sourcecode.swift; path = OnboardingCollectionViewCell.swift; sourceTree = "<group>"; };
		D53EE558298969D2005487C4 /* HomeViewController.swift */ = {isa = PBXFileReference; lastKnownFileType = sourcecode.swift; path = HomeViewController.swift; sourceTree = "<group>"; };
		D54751FC2987ED360007C5C3 /* Bellagio Coffee.app */ = {isa = PBXFileReference; explicitFileType = wrapper.application; includeInIndex = 0; path = "Bellagio Coffee.app"; sourceTree = BUILT_PRODUCTS_DIR; };
		D54751FF2987ED360007C5C3 /* AppDelegate.swift */ = {isa = PBXFileReference; lastKnownFileType = sourcecode.swift; path = AppDelegate.swift; sourceTree = "<group>"; };
		D54752012987ED360007C5C3 /* SceneDelegate.swift */ = {isa = PBXFileReference; lastKnownFileType = sourcecode.swift; path = SceneDelegate.swift; sourceTree = "<group>"; };
		D54752062987ED370007C5C3 /* Base */ = {isa = PBXFileReference; lastKnownFileType = file.storyboard; name = Base; path = Base.lproj/Main.storyboard; sourceTree = "<group>"; };
		D54752082987ED390007C5C3 /* Assets.xcassets */ = {isa = PBXFileReference; lastKnownFileType = folder.assetcatalog; path = Assets.xcassets; sourceTree = "<group>"; };
		D547520B2987ED390007C5C3 /* Base */ = {isa = PBXFileReference; lastKnownFileType = file.storyboard; name = Base; path = Base.lproj/LaunchScreen.storyboard; sourceTree = "<group>"; };
		D547520D2987ED390007C5C3 /* Info.plist */ = {isa = PBXFileReference; lastKnownFileType = text.plist.xml; path = Info.plist; sourceTree = "<group>"; };
		D58EBE162989B7C500E0B3CA /* CategoryCollectionViewCell.swift */ = {isa = PBXFileReference; lastKnownFileType = sourcecode.swift; path = CategoryCollectionViewCell.swift; sourceTree = "<group>"; };
		D58EBE172989B7C500E0B3CA /* CategoryCollectionViewCell.xib */ = {isa = PBXFileReference; lastKnownFileType = file.xib; path = CategoryCollectionViewCell.xib; sourceTree = "<group>"; };
		D58EBE1A2989BA0E00E0B3CA /* DishCategory.swift */ = {isa = PBXFileReference; lastKnownFileType = sourcecode.swift; path = DishCategory.swift; sourceTree = "<group>"; };
		D58EBE1F2989BE5000E0B3CA /* Swift+Extension.swift */ = {isa = PBXFileReference; lastKnownFileType = sourcecode.swift; path = "Swift+Extension.swift"; sourceTree = "<group>"; };
		D58EBE22298A74C500E0B3CA /* CardView.swift */ = {isa = PBXFileReference; lastKnownFileType = sourcecode.swift; path = CardView.swift; sourceTree = "<group>"; };
		D58EBE25298A7D5600E0B3CA /* DishPortraitCollectionViewCell.swift */ = {isa = PBXFileReference; lastKnownFileType = sourcecode.swift; path = DishPortraitCollectionViewCell.swift; sourceTree = "<group>"; };
		D58EBE26298A7D5600E0B3CA /* DishPortraitCollectionViewCell.xib */ = {isa = PBXFileReference; lastKnownFileType = file.xib; path = DishPortraitCollectionViewCell.xib; sourceTree = "<group>"; };
		D58EBE29298A7F8D00E0B3CA /* Dish.swift */ = {isa = PBXFileReference; lastKnownFileType = sourcecode.swift; path = Dish.swift; sourceTree = "<group>"; };
		D5BDC14C298C1769000B63D0 /* DishListTableViewCell.swift */ = {isa = PBXFileReference; lastKnownFileType = sourcecode.swift; path = DishListTableViewCell.swift; sourceTree = "<group>"; };
		D5BDC14D298C1769000B63D0 /* DishListTableViewCell.xib */ = {isa = PBXFileReference; lastKnownFileType = file.xib; path = DishListTableViewCell.xib; sourceTree = "<group>"; };
		D5BDC151298C1A7F000B63D0 /* ListDishesViewController.swift */ = {isa = PBXFileReference; lastKnownFileType = sourcecode.swift; path = ListDishesViewController.swift; sourceTree = "<group>"; };
/* End PBXFileReference section */

/* Begin PBXFrameworksBuildPhase section */
		D54751F92987ED360007C5C3 /* Frameworks */ = {
			isa = PBXFrameworksBuildPhase;
			buildActionMask = 2147483647;
			files = (
				D58EBE1E2989BC1C00E0B3CA /* Kingfisher in Frameworks */,
			);
			runOnlyForDeploymentPostprocessing = 0;
		};
/* End PBXFrameworksBuildPhase section */

/* Begin PBXGroup section */
		D508FCEF298BF33A007DA296 /* DishDetail */ = {
			isa = PBXGroup;
			children = (
				D508FCF0298BF369007DA296 /* DishDetailViewController.swift */,
			);
			path = DishDetail;
			sourceTree = "<group>";
		};
		D531D6DD29891ABD006B3B84 /* Models */ = {
			isa = PBXGroup;
			children = (
				D531D6E629891F7B006B3B84 /* OnboardingSlides.swift */,
				D58EBE1A2989BA0E00E0B3CA /* DishCategory.swift */,
				D58EBE29298A7F8D00E0B3CA /* Dish.swift */,
			);
			path = Models;
			sourceTree = "<group>";
		};
		D531D6DE29891AC5006B3B84 /* Views */ = {
			isa = PBXGroup;
			children = (
				D5BDC150298C1A52000B63D0 /* ListDishes */,
				D508FCEF298BF33A007DA296 /* DishDetail */,
				D53EE557298969B9005487C4 /* Home */,
				D531D6E029891AF2006B3B84 /* Onboarding */,
			);
			path = Views;
			sourceTree = "<group>";
		};
		D531D6DF29891AE4006B3B84 /* CustomViews */ = {
			isa = PBXGroup;
			children = (
				D5BDC14A298C16B6000B63D0 /* TableViewCells */,
				D58EBE21298A74A200E0B3CA /* CardView */,
				D58EBE142989B0C800E0B3CA /* CollectionViewCells */,
			);
			path = CustomViews;
			sourceTree = "<group>";
		};
		D531D6E029891AF2006B3B84 /* Onboarding */ = {
			isa = PBXGroup;
			children = (
				D531D6E129891B22006B3B84 /* OnboardingViewController.swift */,
				D531D6E8298921FD006B3B84 /* OnboardingCollectionViewCell.swift */,
			);
			path = Onboarding;
			sourceTree = "<group>";
		};
		D531D6E329891DB8006B3B84 /* Extensions */ = {
			isa = PBXGroup;
			children = (
				D531D6E429891DD6006B3B84 /* UIView.swift */,
				D58EBE1F2989BE5000E0B3CA /* Swift+Extension.swift */,
				D508FCF2298BF504007DA296 /* UIViewController+Extension.swift */,
			);
			path = Extensions;
			sourceTree = "<group>";
		};
		D53EE557298969B9005487C4 /* Home */ = {
			isa = PBXGroup;
			children = (
				D53EE558298969D2005487C4 /* HomeViewController.swift */,
			);
			path = Home;
			sourceTree = "<group>";
		};
		D54751F32987ED360007C5C3 = {
			isa = PBXGroup;
			children = (
				D54751FE2987ED360007C5C3 /* Bellagio Coffee */,
				D54751FD2987ED360007C5C3 /* Products */,
			);
			sourceTree = "<group>";
		};
		D54751FD2987ED360007C5C3 /* Products */ = {
			isa = PBXGroup;
			children = (
				D54751FC2987ED360007C5C3 /* Bellagio Coffee.app */,
			);
			name = Products;
			sourceTree = "<group>";
		};
		D54751FE2987ED360007C5C3 /* Bellagio Coffee */ = {
			isa = PBXGroup;
			children = (
				D531D6E329891DB8006B3B84 /* Extensions */,
				D531D6DF29891AE4006B3B84 /* CustomViews */,
				D531D6DE29891AC5006B3B84 /* Views */,
				D531D6DD29891ABD006B3B84 /* Models */,
				D54751FF2987ED360007C5C3 /* AppDelegate.swift */,
				D54752012987ED360007C5C3 /* SceneDelegate.swift */,
				D54752052987ED370007C5C3 /* Main.storyboard */,
				D54752082987ED390007C5C3 /* Assets.xcassets */,
				D547520A2987ED390007C5C3 /* LaunchScreen.storyboard */,
				D547520D2987ED390007C5C3 /* Info.plist */,
			);
			path = "Bellagio Coffee";
			sourceTree = "<group>";
		};
		D58EBE142989B0C800E0B3CA /* CollectionViewCells */ = {
			isa = PBXGroup;
			children = (
				D58EBE2B298A88E900E0B3CA /* DishLandScapeCollectionViewCell */,
				D58EBE24298A7CB000E0B3CA /* DishPortraitCollectionViewCell */,
				D58EBE152989B0DE00E0B3CA /* CategoryCollectionViewCells */,
			);
			path = CollectionViewCells;
			sourceTree = "<group>";
		};
		D58EBE152989B0DE00E0B3CA /* CategoryCollectionViewCells */ = {
			isa = PBXGroup;
			children = (
				D58EBE162989B7C500E0B3CA /* CategoryCollectionViewCell.swift */,
				D58EBE172989B7C500E0B3CA /* CategoryCollectionViewCell.xib */,
			);
			path = CategoryCollectionViewCells;
			sourceTree = "<group>";
		};
		D58EBE21298A74A200E0B3CA /* CardView */ = {
			isa = PBXGroup;
			children = (
				D58EBE22298A74C500E0B3CA /* CardView.swift */,
			);
			path = CardView;
			sourceTree = "<group>";
		};
		D58EBE24298A7CB000E0B3CA /* DishPortraitCollectionViewCell */ = {
			isa = PBXGroup;
			children = (
				D58EBE25298A7D5600E0B3CA /* DishPortraitCollectionViewCell.swift */,
				D58EBE26298A7D5600E0B3CA /* DishPortraitCollectionViewCell.xib */,
			);
			path = DishPortraitCollectionViewCell;
			sourceTree = "<group>";
		};
		D58EBE2B298A88E900E0B3CA /* DishLandScapeCollectionViewCell */ = {
			isa = PBXGroup;
			children = (
				D508FCEB298BE765007DA296 /* DishLandscapeCollectionViewCell.swift */,
				D508FCEC298BE765007DA296 /* DishLandscapeCollectionViewCell.xib */,
			);
			path = DishLandScapeCollectionViewCell;
			sourceTree = "<group>";
		};
		D5BDC14A298C16B6000B63D0 /* TableViewCells */ = {
			isa = PBXGroup;
			children = (
				D5BDC14B298C1739000B63D0 /* DishListTableViewCell */,
			);
			path = TableViewCells;
			sourceTree = "<group>";
		};
		D5BDC14B298C1739000B63D0 /* DishListTableViewCell */ = {
			isa = PBXGroup;
			children = (
				D5BDC14C298C1769000B63D0 /* DishListTableViewCell.swift */,
				D5BDC14D298C1769000B63D0 /* DishListTableViewCell.xib */,
			);
			path = DishListTableViewCell;
			sourceTree = "<group>";
		};
		D5BDC150298C1A52000B63D0 /* ListDishes */ = {
			isa = PBXGroup;
			children = (
				D5BDC151298C1A7F000B63D0 /* ListDishesViewController.swift */,
			);
			path = ListDishes;
			sourceTree = "<group>";
		};
/* End PBXGroup section */

/* Begin PBXNativeTarget section */
		D54751FB2987ED360007C5C3 /* Bellagio Coffee */ = {
			isa = PBXNativeTarget;
			buildConfigurationList = D54752102987ED390007C5C3 /* Build configuration list for PBXNativeTarget "Bellagio Coffee" */;
			buildPhases = (
				D54751F82987ED360007C5C3 /* Sources */,
				D54751F92987ED360007C5C3 /* Frameworks */,
				D54751FA2987ED360007C5C3 /* Resources */,
			);
			buildRules = (
			);
			dependencies = (
			);
			name = "Bellagio Coffee";
			packageProductDependencies = (
				D58EBE1D2989BC1C00E0B3CA /* Kingfisher */,
			);
			productName = "Bellagio Coffee";
			productReference = D54751FC2987ED360007C5C3 /* Bellagio Coffee.app */;
			productType = "com.apple.product-type.application";
		};
/* End PBXNativeTarget section */

/* Begin PBXProject section */
		D54751F42987ED360007C5C3 /* Project object */ = {
			isa = PBXProject;
			attributes = {
				BuildIndependentTargetsInParallel = 1;
				LastSwiftUpdateCheck = 1320;
				LastUpgradeCheck = 1320;
				TargetAttributes = {
					D54751FB2987ED360007C5C3 = {
						CreatedOnToolsVersion = 13.2.1;
					};
				};
			};
			buildConfigurationList = D54751F72987ED360007C5C3 /* Build configuration list for PBXProject "Bellagio Coffee" */;
			compatibilityVersion = "Xcode 13.0";
			developmentRegion = en;
			hasScannedForEncodings = 0;
			knownRegions = (
				en,
				Base,
			);
			mainGroup = D54751F32987ED360007C5C3;
			packageReferences = (
				D58EBE1C2989BC1C00E0B3CA /* XCRemoteSwiftPackageReference "Kingfisher" */,
			);
			productRefGroup = D54751FD2987ED360007C5C3 /* Products */;
			projectDirPath = "";
			projectRoot = "";
			targets = (
				D54751FB2987ED360007C5C3 /* Bellagio Coffee */,
			);
		};
/* End PBXProject section */

/* Begin PBXResourcesBuildPhase section */
		D54751FA2987ED360007C5C3 /* Resources */ = {
			isa = PBXResourcesBuildPhase;
			buildActionMask = 2147483647;
			files = (
				D58EBE192989B7C500E0B3CA /* CategoryCollectionViewCell.xib in Resources */,
				D5BDC14F298C1769000B63D0 /* DishListTableViewCell.xib in Resources */,
				D547520C2987ED390007C5C3 /* LaunchScreen.storyboard in Resources */,
				D58EBE28298A7D5600E0B3CA /* DishPortraitCollectionViewCell.xib in Resources */,
				D54752092987ED390007C5C3 /* Assets.xcassets in Resources */,
				D508FCEE298BE765007DA296 /* DishLandscapeCollectionViewCell.xib in Resources */,
				D54752072987ED370007C5C3 /* Main.storyboard in Resources */,
			);
			runOnlyForDeploymentPostprocessing = 0;
		};
/* End PBXResourcesBuildPhase section */

/* Begin PBXSourcesBuildPhase section */
		D54751F82987ED360007C5C3 /* Sources */ = {
			isa = PBXSourcesBuildPhase;
			buildActionMask = 2147483647;
			files = (
				D5BDC14E298C1769000B63D0 /* DishListTableViewCell.swift in Sources */,
				D58EBE182989B7C500E0B3CA /* CategoryCollectionViewCell.swift in Sources */,
				D531D6E529891DD6006B3B84 /* UIView.swift in Sources */,
				D54752002987ED360007C5C3 /* AppDelegate.swift in Sources */,
				D531D6E729891F7B006B3B84 /* OnboardingSlides.swift in Sources */,
				D54752022987ED360007C5C3 /* SceneDelegate.swift in Sources */,
				D531D6E229891B22006B3B84 /* OnboardingViewController.swift in Sources */,
				D508FCF1298BF369007DA296 /* DishDetailViewController.swift in Sources */,
				D53EE559298969D2005487C4 /* HomeViewController.swift in Sources */,
				D58EBE202989BE5000E0B3CA /* Swift+Extension.swift in Sources */,
				D508FCED298BE765007DA296 /* DishLandscapeCollectionViewCell.swift in Sources */,
				D58EBE1B2989BA0E00E0B3CA /* DishCategory.swift in Sources */,
				D58EBE23298A74C500E0B3CA /* CardView.swift in Sources */,
				D531D6E9298921FD006B3B84 /* OnboardingCollectionViewCell.swift in Sources */,
				D5BDC152298C1A7F000B63D0 /* ListDishesViewController.swift in Sources */,
				D58EBE2A298A7F8D00E0B3CA /* Dish.swift in Sources */,
				D508FCF3298BF504007DA296 /* UIViewController+Extension.swift in Sources */,
				D58EBE27298A7D5600E0B3CA /* DishPortraitCollectionViewCell.swift in Sources */,
			);
			runOnlyForDeploymentPostprocessing = 0;
		};
/* End PBXSourcesBuildPhase section */

/* Begin PBXVariantGroup section */
		D54752052987ED370007C5C3 /* Main.storyboard */ = {
			isa = PBXVariantGroup;
			children = (
				D54752062987ED370007C5C3 /* Base */,
			);
			name = Main.storyboard;
			sourceTree = "<group>";
		};
		D547520A2987ED390007C5C3 /* LaunchScreen.storyboard */ = {
			isa = PBXVariantGroup;
			children = (
				D547520B2987ED390007C5C3 /* Base */,
			);
			name = LaunchScreen.storyboard;
			sourceTree = "<group>";
		};
/* End PBXVariantGroup section */

/* Begin XCBuildConfiguration section */
		D547520E2987ED390007C5C3 /* Debug */ = {
			isa = XCBuildConfiguration;
			buildSettings = {
				ALWAYS_SEARCH_USER_PATHS = NO;
				CLANG_ANALYZER_NONNULL = YES;
				CLANG_ANALYZER_NUMBER_OBJECT_CONVERSION = YES_AGGRESSIVE;
				CLANG_CXX_LANGUAGE_STANDARD = "gnu++17";
				CLANG_CXX_LIBRARY = "libc++";
				CLANG_ENABLE_MODULES = YES;
				CLANG_ENABLE_OBJC_ARC = YES;
				CLANG_ENABLE_OBJC_WEAK = YES;
				CLANG_WARN_BLOCK_CAPTURE_AUTORELEASING = YES;
				CLANG_WARN_BOOL_CONVERSION = YES;
				CLANG_WARN_COMMA = YES;
				CLANG_WARN_CONSTANT_CONVERSION = YES;
				CLANG_WARN_DEPRECATED_OBJC_IMPLEMENTATIONS = YES;
				CLANG_WARN_DIRECT_OBJC_ISA_USAGE = YES_ERROR;
				CLANG_WARN_DOCUMENTATION_COMMENTS = YES;
				CLANG_WARN_EMPTY_BODY = YES;
				CLANG_WARN_ENUM_CONVERSION = YES;
				CLANG_WARN_INFINITE_RECURSION = YES;
				CLANG_WARN_INT_CONVERSION = YES;
				CLANG_WARN_NON_LITERAL_NULL_CONVERSION = YES;
				CLANG_WARN_OBJC_IMPLICIT_RETAIN_SELF = YES;
				CLANG_WARN_OBJC_LITERAL_CONVERSION = YES;
				CLANG_WARN_OBJC_ROOT_CLASS = YES_ERROR;
				CLANG_WARN_QUOTED_INCLUDE_IN_FRAMEWORK_HEADER = YES;
				CLANG_WARN_RANGE_LOOP_ANALYSIS = YES;
				CLANG_WARN_STRICT_PROTOTYPES = YES;
				CLANG_WARN_SUSPICIOUS_MOVE = YES;
				CLANG_WARN_UNGUARDED_AVAILABILITY = YES_AGGRESSIVE;
				CLANG_WARN_UNREACHABLE_CODE = YES;
				CLANG_WARN__DUPLICATE_METHOD_MATCH = YES;
				COPY_PHASE_STRIP = NO;
				DEBUG_INFORMATION_FORMAT = dwarf;
				ENABLE_STRICT_OBJC_MSGSEND = YES;
				ENABLE_TESTABILITY = YES;
				GCC_C_LANGUAGE_STANDARD = gnu11;
				GCC_DYNAMIC_NO_PIC = NO;
				GCC_NO_COMMON_BLOCKS = YES;
				GCC_OPTIMIZATION_LEVEL = 0;
				GCC_PREPROCESSOR_DEFINITIONS = (
					"DEBUG=1",
					"$(inherited)",
				);
				GCC_WARN_64_TO_32_BIT_CONVERSION = YES;
				GCC_WARN_ABOUT_RETURN_TYPE = YES_ERROR;
				GCC_WARN_UNDECLARED_SELECTOR = YES;
				GCC_WARN_UNINITIALIZED_AUTOS = YES_AGGRESSIVE;
				GCC_WARN_UNUSED_FUNCTION = YES;
				GCC_WARN_UNUSED_VARIABLE = YES;
				IPHONEOS_DEPLOYMENT_TARGET = 15.2;
				MTL_ENABLE_DEBUG_INFO = INCLUDE_SOURCE;
				MTL_FAST_MATH = YES;
				ONLY_ACTIVE_ARCH = YES;
				SDKROOT = iphoneos;
				SWIFT_ACTIVE_COMPILATION_CONDITIONS = DEBUG;
				SWIFT_OPTIMIZATION_LEVEL = "-Onone";
			};
			name = Debug;
		};
		D547520F2987ED390007C5C3 /* Release */ = {
			isa = XCBuildConfiguration;
			buildSettings = {
				ALWAYS_SEARCH_USER_PATHS = NO;
				CLANG_ANALYZER_NONNULL = YES;
				CLANG_ANALYZER_NUMBER_OBJECT_CONVERSION = YES_AGGRESSIVE;
				CLANG_CXX_LANGUAGE_STANDARD = "gnu++17";
				CLANG_CXX_LIBRARY = "libc++";
				CLANG_ENABLE_MODULES = YES;
				CLANG_ENABLE_OBJC_ARC = YES;
				CLANG_ENABLE_OBJC_WEAK = YES;
				CLANG_WARN_BLOCK_CAPTURE_AUTORELEASING = YES;
				CLANG_WARN_BOOL_CONVERSION = YES;
				CLANG_WARN_COMMA = YES;
				CLANG_WARN_CONSTANT_CONVERSION = YES;
				CLANG_WARN_DEPRECATED_OBJC_IMPLEMENTATIONS = YES;
				CLANG_WARN_DIRECT_OBJC_ISA_USAGE = YES_ERROR;
				CLANG_WARN_DOCUMENTATION_COMMENTS = YES;
				CLANG_WARN_EMPTY_BODY = YES;
				CLANG_WARN_ENUM_CONVERSION = YES;
				CLANG_WARN_INFINITE_RECURSION = YES;
				CLANG_WARN_INT_CONVERSION = YES;
				CLANG_WARN_NON_LITERAL_NULL_CONVERSION = YES;
				CLANG_WARN_OBJC_IMPLICIT_RETAIN_SELF = YES;
				CLANG_WARN_OBJC_LITERAL_CONVERSION = YES;
				CLANG_WARN_OBJC_ROOT_CLASS = YES_ERROR;
				CLANG_WARN_QUOTED_INCLUDE_IN_FRAMEWORK_HEADER = YES;
				CLANG_WARN_RANGE_LOOP_ANALYSIS = YES;
				CLANG_WARN_STRICT_PROTOTYPES = YES;
				CLANG_WARN_SUSPICIOUS_MOVE = YES;
				CLANG_WARN_UNGUARDED_AVAILABILITY = YES_AGGRESSIVE;
				CLANG_WARN_UNREACHABLE_CODE = YES;
				CLANG_WARN__DUPLICATE_METHOD_MATCH = YES;
				COPY_PHASE_STRIP = NO;
				DEBUG_INFORMATION_FORMAT = "dwarf-with-dsym";
				ENABLE_NS_ASSERTIONS = NO;
				ENABLE_STRICT_OBJC_MSGSEND = YES;
				GCC_C_LANGUAGE_STANDARD = gnu11;
				GCC_NO_COMMON_BLOCKS = YES;
				GCC_WARN_64_TO_32_BIT_CONVERSION = YES;
				GCC_WARN_ABOUT_RETURN_TYPE = YES_ERROR;
				GCC_WARN_UNDECLARED_SELECTOR = YES;
				GCC_WARN_UNINITIALIZED_AUTOS = YES_AGGRESSIVE;
				GCC_WARN_UNUSED_FUNCTION = YES;
				GCC_WARN_UNUSED_VARIABLE = YES;
				IPHONEOS_DEPLOYMENT_TARGET = 15.2;
				MTL_ENABLE_DEBUG_INFO = NO;
				MTL_FAST_MATH = YES;
				SDKROOT = iphoneos;
				SWIFT_COMPILATION_MODE = wholemodule;
				SWIFT_OPTIMIZATION_LEVEL = "-O";
				VALIDATE_PRODUCT = YES;
			};
			name = Release;
		};
		D54752112987ED390007C5C3 /* Debug */ = {
			isa = XCBuildConfiguration;
			buildSettings = {
				ASSETCATALOG_COMPILER_APPICON_NAME = AppIcon;
				ASSETCATALOG_COMPILER_GLOBAL_ACCENT_COLOR_NAME = AccentColor;
				CODE_SIGN_STYLE = Automatic;
				CURRENT_PROJECT_VERSION = 1;
				GENERATE_INFOPLIST_FILE = YES;
				INFOPLIST_FILE = "Bellagio Coffee/Info.plist";
				INFOPLIST_KEY_UIApplicationSupportsIndirectInputEvents = YES;
				INFOPLIST_KEY_UILaunchStoryboardName = LaunchScreen;
				INFOPLIST_KEY_UIMainStoryboardFile = Main;
				INFOPLIST_KEY_UISupportedInterfaceOrientations_iPad = "UIInterfaceOrientationPortrait UIInterfaceOrientationPortraitUpsideDown UIInterfaceOrientationLandscapeLeft UIInterfaceOrientationLandscapeRight";
				INFOPLIST_KEY_UISupportedInterfaceOrientations_iPhone = "UIInterfaceOrientationPortrait UIInterfaceOrientationLandscapeLeft UIInterfaceOrientationLandscapeRight";
				LD_RUNPATH_SEARCH_PATHS = (
					"$(inherited)",
					"@executable_path/Frameworks",
				);
				MARKETING_VERSION = 1.0;
				PRODUCT_BUNDLE_IDENTIFIER = "Bellagio-Coffee.Bellagio-Coffee";
				PRODUCT_NAME = "$(TARGET_NAME)";
				SUPPORTED_PLATFORMS = "iphoneos iphonesimulator";
				SUPPORTS_MACCATALYST = NO;
				SUPPORTS_MAC_DESIGNED_FOR_IPHONE_IPAD = NO;
				SWIFT_EMIT_LOC_STRINGS = YES;
				SWIFT_VERSION = 5.0;
				TARGETED_DEVICE_FAMILY = 1;
			};
			name = Debug;
		};
		D54752122987ED390007C5C3 /* Release */ = {
			isa = XCBuildConfiguration;
			buildSettings = {
				ASSETCATALOG_COMPILER_APPICON_NAME = AppIcon;
				ASSETCATALOG_COMPILER_GLOBAL_ACCENT_COLOR_NAME = AccentColor;
				CODE_SIGN_STYLE = Automatic;
				CURRENT_PROJECT_VERSION = 1;
				GENERATE_INFOPLIST_FILE = YES;
				INFOPLIST_FILE = "Bellagio Coffee/Info.plist";
				INFOPLIST_KEY_UIApplicationSupportsIndirectInputEvents = YES;
				INFOPLIST_KEY_UILaunchStoryboardName = LaunchScreen;
				INFOPLIST_KEY_UIMainStoryboardFile = Main;
				INFOPLIST_KEY_UISupportedInterfaceOrientations_iPad = "UIInterfaceOrientationPortrait UIInterfaceOrientationPortraitUpsideDown UIInterfaceOrientationLandscapeLeft UIInterfaceOrientationLandscapeRight";
				INFOPLIST_KEY_UISupportedInterfaceOrientations_iPhone = "UIInterfaceOrientationPortrait UIInterfaceOrientationLandscapeLeft UIInterfaceOrientationLandscapeRight";
				LD_RUNPATH_SEARCH_PATHS = (
					"$(inherited)",
					"@executable_path/Frameworks",
				);
				MARKETING_VERSION = 1.0;
				PRODUCT_BUNDLE_IDENTIFIER = "Bellagio-Coffee.Bellagio-Coffee";
				PRODUCT_NAME = "$(TARGET_NAME)";
				SUPPORTED_PLATFORMS = "iphoneos iphonesimulator";
				SUPPORTS_MACCATALYST = NO;
				SUPPORTS_MAC_DESIGNED_FOR_IPHONE_IPAD = NO;
				SWIFT_EMIT_LOC_STRINGS = YES;
				SWIFT_VERSION = 5.0;
				TARGETED_DEVICE_FAMILY = 1;
			};
			name = Release;
		};
/* End XCBuildConfiguration section */

/* Begin XCConfigurationList section */
		D54751F72987ED360007C5C3 /* Build configuration list for PBXProject "Bellagio Coffee" */ = {
			isa = XCConfigurationList;
			buildConfigurations = (
				D547520E2987ED390007C5C3 /* Debug */,
				D547520F2987ED390007C5C3 /* Release */,
			);
			defaultConfigurationIsVisible = 0;
			defaultConfigurationName = Release;
		};
		D54752102987ED390007C5C3 /* Build configuration list for PBXNativeTarget "Bellagio Coffee" */ = {
			isa = XCConfigurationList;
			buildConfigurations = (
				D54752112987ED390007C5C3 /* Debug */,
				D54752122987ED390007C5C3 /* Release */,
			);
			defaultConfigurationIsVisible = 0;
			defaultConfigurationName = Release;
		};
/* End XCConfigurationList section */

/* Begin XCRemoteSwiftPackageReference section */
		D58EBE1C2989BC1C00E0B3CA /* XCRemoteSwiftPackageReference "Kingfisher" */ = {
			isa = XCRemoteSwiftPackageReference;
			repositoryURL = "https://github.com/onevcat/Kingfisher.git";
			requirement = {
				kind = upToNextMajorVersion;
				minimumVersion = 7.0.0;
			};
		};
/* End XCRemoteSwiftPackageReference section */

/* Begin XCSwiftPackageProductDependency section */
		D58EBE1D2989BC1C00E0B3CA /* Kingfisher */ = {
			isa = XCSwiftPackageProductDependency;
			package = D58EBE1C2989BC1C00E0B3CA /* XCRemoteSwiftPackageReference "Kingfisher" */;
			productName = Kingfisher;
		};
/* End XCSwiftPackageProductDependency section */
	};
	rootObject = D54751F42987ED360007C5C3 /* Project object */;
}
